PODS:
  - CoreXLSX (0.14.1):
    - XMLCoder (~> 0.11.1)
    - ZIPFoundation (~> 0.9.11)
  - SSZipArchive (2.4.3)
  - SwiftyXMLParser (5.6.0)
  - SWXMLHash (7.0.2)
  - XMLCoder (0.11.1)
  - Zip (2.1.2)
  - ZIPFoundation (0.9.18)

DEPENDENCIES:
  - CoreXLSX (~> 0.14.1)
  - SSZipArchive
  - SwiftyXMLParser
  - SWXMLHash
  - Zip (~> 2.1)

SPEC REPOS:
  trunk:
    - CoreXLSX
    - SSZipArchive
    - SwiftyXMLParser
    - SWXMLHash
    - XMLCoder
    - Zip
    - ZIPFoundation

SPEC CHECKSUMS:
  CoreXLSX: f9a7a70b509150ceb675b05877b7ac041a587030
  SSZipArchive: fe6a26b2a54d5a0890f2567b5cc6de5caa600aef
  SwiftyXMLParser: 9b98995235961881322015ebe38d1f3d7c953bd7
  SWXMLHash: dd733a457e9c4fe93b1538654057aefae4acb382
  XMLCoder: c4638336674de7ba279cd23f2005817d69f538e0
  Zip: b3fef584b147b6e582b2256a9815c897d60ddc67
  ZIPFoundation: fa9ae5af13b7cf168245f24d1c672a4fb972e37f

PODFILE CHECKSUM: 8d5e8667af90254fe4fcf66333bc056d9447cb40

COCOAPODS: 1.15.2
